
Microsoft Visual Studio Solution File, Format Version 12.00
# Visual Studio Version 17
VisualStudioVersion = 17.0.32126.317
MinimumVisualStudioVersion = 10.0.40219.1
Project("{FAE04EC0-301F-11D3-BF4B-00C04F79EFBC}") = "Bolum1Uygulama1", "Bolum1Uygulama1\Bolum1Uygulama1.csproj", "{DA839A7F-3C7A-4A43-BCF2-E33FFED2B8C0}"
EndProject
Global
	GlobalSection(SolutionConfigurationPlatforms) = preSolution
		Debug|Any CPU = Debug|Any CPU
		Release|Any CPU = Release|Any CPU
	EndGlobalSection
	GlobalSection(ProjectConfigurationPlatforms) = postSolution
		{DA839A7F-3C7A-4A43-BCF2-E33FFED2B8C0}.Debug|Any CPU.ActiveCfg = Debug|Any CPU
		{DA839A7F-3C7A-4A43-BCF2-E33FFED2B8C0}.Debug|Any CPU.Build.0 = Debug|Any CPU
		{DA839A7F-3C7A-4A43-BCF2-E33FFED2B8C0}.Release|Any CPU.ActiveCfg = Release|Any CPU
		{DA839A7F-3C7A-4A43-BCF2-E33FFED2B8C0}.Release|Any CPU.Build.0 = Release|Any CPU
	EndGlobalSection
	GlobalSection(SolutionProperties) = preSolution
		HideSolutionNode = FALSE
	EndGlobalSection
	GlobalSection(ExtensibilityGlobals) = postSolution
		SolutionGuid = {1123CF78-62EF-479D-ACFD-9AF81DBAE72E}
	EndGlobalSection
EndGlobal
